// !$*UTF8*$!
{
	archiveVersion = 1;
	classes = {
	};
	objectVersion = 56;
	objects = {

/* Begin PBXBuildFile section */
		722E60732A2C7B1000139A93 /* AfricaApp.swift in Sources */ = {isa = PBXBuildFile; fileRef = 722E60722A2C7B1000139A93 /* AfricaApp.swift */; };
		722E60752A2C7B1000139A93 /* ContentView.swift in Sources */ = {isa = PBXBuildFile; fileRef = 722E60742A2C7B1000139A93 /* ContentView.swift */; };
		722E60772A2C7B1100139A93 /* Assets.xcassets in Resources */ = {isa = PBXBuildFile; fileRef = 722E60762A2C7B1100139A93 /* Assets.xcassets */; };
		722E607A2A2C7B1100139A93 /* Preview Assets.xcassets in Resources */ = {isa = PBXBuildFile; fileRef = 722E60792A2C7B1100139A93 /* Preview Assets.xcassets */; };
		722E608B2A2C7CF500139A93 /* giraffe.mp4 in Resources */ = {isa = PBXBuildFile; fileRef = 722E60812A2C7CF300139A93 /* giraffe.mp4 */; };
		722E608C2A2C7CF500139A93 /* rhino.mp4 in Resources */ = {isa = PBXBuildFile; fileRef = 722E60822A2C7CF300139A93 /* rhino.mp4 */; };
		722E608D2A2C7CF500139A93 /* zebra.mp4 in Resources */ = {isa = PBXBuildFile; fileRef = 722E60832A2C7CF300139A93 /* zebra.mp4 */; };
		722E608E2A2C7CF500139A93 /* cheetah.mp4 in Resources */ = {isa = PBXBuildFile; fileRef = 722E60842A2C7CF300139A93 /* cheetah.mp4 */; };
		722E608F2A2C7CF500139A93 /* lioness.mp4 in Resources */ = {isa = PBXBuildFile; fileRef = 722E60852A2C7CF400139A93 /* lioness.mp4 */; };
		722E60902A2C7CF500139A93 /* lion.mp4 in Resources */ = {isa = PBXBuildFile; fileRef = 722E60862A2C7CF400139A93 /* lion.mp4 */; };
		722E60912A2C7CF500139A93 /* hippo.mp4 in Resources */ = {isa = PBXBuildFile; fileRef = 722E60872A2C7CF400139A93 /* hippo.mp4 */; };
		722E60922A2C7CF500139A93 /* ostrich.mp4 in Resources */ = {isa = PBXBuildFile; fileRef = 722E60882A2C7CF400139A93 /* ostrich.mp4 */; };
		722E60932A2C7CF500139A93 /* elephant.mp4 in Resources */ = {isa = PBXBuildFile; fileRef = 722E60892A2C7CF400139A93 /* elephant.mp4 */; };
		722E60942A2C7CF500139A93 /* gorilla.mp4 in Resources */ = {isa = PBXBuildFile; fileRef = 722E608A2A2C7CF500139A93 /* gorilla.mp4 */; };
		722E609A2A2C7D3E00139A93 /* covers.json in Resources */ = {isa = PBXBuildFile; fileRef = 722E60962A2C7D3E00139A93 /* covers.json */; };
		722E609B2A2C7D3E00139A93 /* locations.json in Resources */ = {isa = PBXBuildFile; fileRef = 722E60972A2C7D3E00139A93 /* locations.json */; };
		722E609C2A2C7D3E00139A93 /* animals.json in Resources */ = {isa = PBXBuildFile; fileRef = 722E60982A2C7D3E00139A93 /* animals.json */; };
		722E609D2A2C7D3E00139A93 /* videos.json in Resources */ = {isa = PBXBuildFile; fileRef = 722E60992A2C7D3E00139A93 /* videos.json */; };
		722E60A12A2C7F2B00139A93 /* VideoListView.swift in Sources */ = {isa = PBXBuildFile; fileRef = 722E60A02A2C7F2A00139A93 /* VideoListView.swift */; };
		722E60A32A2C7F3E00139A93 /* MapView.swift in Sources */ = {isa = PBXBuildFile; fileRef = 722E60A22A2C7F3E00139A93 /* MapView.swift */; };
		722E60A52A2C7F5500139A93 /* GalleryView.swift in Sources */ = {isa = PBXBuildFile; fileRef = 722E60A42A2C7F5500139A93 /* GalleryView.swift */; };
		722E60A72A2C7F5D00139A93 /* MainView.swift in Sources */ = {isa = PBXBuildFile; fileRef = 722E60A62A2C7F5D00139A93 /* MainView.swift */; };
		722E60AB2A2C829700139A93 /* CoverImageView.swift in Sources */ = {isa = PBXBuildFile; fileRef = 722E60AA2A2C829700139A93 /* CoverImageView.swift */; };
		722E60AE2A2C9A1000139A93 /* CoverImageModel.swift in Sources */ = {isa = PBXBuildFile; fileRef = 722E60AD2A2C9A1000139A93 /* CoverImageModel.swift */; };
		722E60B12A2C9B8800139A93 /* CodebleBundelExtension.swift in Sources */ = {isa = PBXBuildFile; fileRef = 722E60B02A2C9B8800139A93 /* CodebleBundelExtension.swift */; };
		722E60B32A2CA1C300139A93 /* AnimalListItemView.swift in Sources */ = {isa = PBXBuildFile; fileRef = 722E60B22A2CA1C300139A93 /* AnimalListItemView.swift */; };
		722E60B72A2CA3D100139A93 /* AnimalModel.swift in Sources */ = {isa = PBXBuildFile; fileRef = 722E60B62A2CA3D100139A93 /* AnimalModel.swift */; };
		724BA7922A2F0F3A0038189C /* VideoPlayerView.swift in Sources */ = {isa = PBXBuildFile; fileRef = 724BA7912A2F0F3A0038189C /* VideoPlayerView.swift */; };
		724BA7952A2F10A30038189C /* VideoPlayerHelper.swift in Sources */ = {isa = PBXBuildFile; fileRef = 724BA7942A2F10A30038189C /* VideoPlayerHelper.swift */; };
		724BA7972A2F16AC0038189C /* LocationModel.swift in Sources */ = {isa = PBXBuildFile; fileRef = 724BA7962A2F16AC0038189C /* LocationModel.swift */; };
		724BA7992A2F1C440038189C /* MapAnnotationView.swift in Sources */ = {isa = PBXBuildFile; fileRef = 724BA7982A2F1C440038189C /* MapAnnotationView.swift */; };
		724BA79B2A2F38470038189C /* MotionAnimationView.swift in Sources */ = {isa = PBXBuildFile; fileRef = 724BA79A2A2F38470038189C /* MotionAnimationView.swift */; };
		7252B3A52A30EB350087138F /* AnimalGridItemView.swift in Sources */ = {isa = PBXBuildFile; fileRef = 7252B3A42A30EB350087138F /* AnimalGridItemView.swift */; };
		7275D8792A2D23A70042279D /* AnimalDetailView.swift in Sources */ = {isa = PBXBuildFile; fileRef = 7275D8782A2D23A70042279D /* AnimalDetailView.swift */; };
		7275D87B2A2D25E80042279D /* HeadingView.swift in Sources */ = {isa = PBXBuildFile; fileRef = 7275D87A2A2D25E80042279D /* HeadingView.swift */; };
		7275D87D2A2D27660042279D /* InsetGalleryView.swift in Sources */ = {isa = PBXBuildFile; fileRef = 7275D87C2A2D27660042279D /* InsetGalleryView.swift */; };
		7275D87F2A2D2C1E0042279D /* InsetFactView.swift in Sources */ = {isa = PBXBuildFile; fileRef = 7275D87E2A2D2C1E0042279D /* InsetFactView.swift */; };
		7275D8812A2D2F3C0042279D /* InsetMapView.swift in Sources */ = {isa = PBXBuildFile; fileRef = 7275D8802A2D2F3C0042279D /* InsetMapView.swift */; };
		7275D8832A2D34A90042279D /* ExternalWeblinkView.swift in Sources */ = {isa = PBXBuildFile; fileRef = 7275D8822A2D34A90042279D /* ExternalWeblinkView.swift */; };
		729605852A2E4604004530AA /* VideoModel.swift in Sources */ = {isa = PBXBuildFile; fileRef = 729605842A2E4604004530AA /* VideoModel.swift */; };
		729605872A2E4686004530AA /* VideoListItemView.swift in Sources */ = {isa = PBXBuildFile; fileRef = 729605862A2E4686004530AA /* VideoListItemView.swift */; };
		72CD6DC52A31AD540060E73F /* Stickers.xcassets in Resources */ = {isa = PBXBuildFile; fileRef = 72CD6DC42A31AD540060E73F /* Stickers.xcassets */; };
		72CD6DC92A31AD540060E73F /* Stickers.appex in Embed Foundation Extensions */ = {isa = PBXBuildFile; fileRef = 72CD6DC22A31AD530060E73F /* Stickers.appex */; settings = {ATTRIBUTES = (RemoveHeadersOnCopy, ); }; };
/* End PBXBuildFile section */

/* Begin PBXContainerItemProxy section */
		72CD6DC72A31AD540060E73F /* PBXContainerItemProxy */ = {
			isa = PBXContainerItemProxy;
			containerPortal = 722E60672A2C7B1000139A93 /* Project object */;
			proxyType = 1;
			remoteGlobalIDString = 72CD6DC12A31AD530060E73F;
			remoteInfo = Stickers;
		};
/* End PBXContainerItemProxy section */

/* Begin PBXCopyFilesBuildPhase section */
		7252B3B32A30F6430087138F /* Embed Foundation Extensions */ = {
			isa = PBXCopyFilesBuildPhase;
			buildActionMask = 2147483647;
			dstPath = "";
			dstSubfolderSpec = 13;
			files = (
				72CD6DC92A31AD540060E73F /* Stickers.appex in Embed Foundation Extensions */,
			);
			name = "Embed Foundation Extensions";
			runOnlyForDeploymentPostprocessing = 0;
		};
/* End PBXCopyFilesBuildPhase section */

/* Begin PBXFileReference section */
		722E606F2A2C7B1000139A93 /* Africa.app */ = {isa = PBXFileReference; explicitFileType = wrapper.application; includeInIndex = 0; path = Africa.app; sourceTree = BUILT_PRODUCTS_DIR; };
		722E60722A2C7B1000139A93 /* AfricaApp.swift */ = {isa = PBXFileReference; lastKnownFileType = sourcecode.swift; path = AfricaApp.swift; sourceTree = "<group>"; };
		722E60742A2C7B1000139A93 /* ContentView.swift */ = {isa = PBXFileReference; lastKnownFileType = sourcecode.swift; path = ContentView.swift; sourceTree = "<group>"; };
		722E60762A2C7B1100139A93 /* Assets.xcassets */ = {isa = PBXFileReference; lastKnownFileType = folder.assetcatalog; path = Assets.xcassets; sourceTree = "<group>"; };
		722E60792A2C7B1100139A93 /* Preview Assets.xcassets */ = {isa = PBXFileReference; lastKnownFileType = folder.assetcatalog; path = "Preview Assets.xcassets"; sourceTree = "<group>"; };
		722E60812A2C7CF300139A93 /* giraffe.mp4 */ = {isa = PBXFileReference; lastKnownFileType = file; path = giraffe.mp4; sourceTree = "<group>"; };
		722E60822A2C7CF300139A93 /* rhino.mp4 */ = {isa = PBXFileReference; lastKnownFileType = file; path = rhino.mp4; sourceTree = "<group>"; };
		722E60832A2C7CF300139A93 /* zebra.mp4 */ = {isa = PBXFileReference; lastKnownFileType = file; path = zebra.mp4; sourceTree = "<group>"; };
		722E60842A2C7CF300139A93 /* cheetah.mp4 */ = {isa = PBXFileReference; lastKnownFileType = file; path = cheetah.mp4; sourceTree = "<group>"; };
		722E60852A2C7CF400139A93 /* lioness.mp4 */ = {isa = PBXFileReference; lastKnownFileType = file; path = lioness.mp4; sourceTree = "<group>"; };
		722E60862A2C7CF400139A93 /* lion.mp4 */ = {isa = PBXFileReference; lastKnownFileType = file; path = lion.mp4; sourceTree = "<group>"; };
		722E60872A2C7CF400139A93 /* hippo.mp4 */ = {isa = PBXFileReference; lastKnownFileType = file; path = hippo.mp4; sourceTree = "<group>"; };
		722E60882A2C7CF400139A93 /* ostrich.mp4 */ = {isa = PBXFileReference; lastKnownFileType = file; path = ostrich.mp4; sourceTree = "<group>"; };
		722E60892A2C7CF400139A93 /* elephant.mp4 */ = {isa = PBXFileReference; lastKnownFileType = file; path = elephant.mp4; sourceTree = "<group>"; };
		722E608A2A2C7CF500139A93 /* gorilla.mp4 */ = {isa = PBXFileReference; lastKnownFileType = file; path = gorilla.mp4; sourceTree = "<group>"; };
		722E60962A2C7D3E00139A93 /* covers.json */ = {isa = PBXFileReference; fileEncoding = 4; lastKnownFileType = text.json; path = covers.json; sourceTree = "<group>"; };
		722E60972A2C7D3E00139A93 /* locations.json */ = {isa = PBXFileReference; fileEncoding = 4; lastKnownFileType = text.json; path = locations.json; sourceTree = "<group>"; };
		722E60982A2C7D3E00139A93 /* animals.json */ = {isa = PBXFileReference; fileEncoding = 4; lastKnownFileType = text.json; path = animals.json; sourceTree = "<group>"; };
		722E60992A2C7D3E00139A93 /* videos.json */ = {isa = PBXFileReference; fileEncoding = 4; lastKnownFileType = text.json; path = videos.json; sourceTree = "<group>"; };
		722E609E2A2C7E1900139A93 /* Info.plist */ = {isa = PBXFileReference; lastKnownFileType = text.plist; path = Info.plist; sourceTree = "<group>"; };
		722E60A02A2C7F2A00139A93 /* VideoListView.swift */ = {isa = PBXFileReference; lastKnownFileType = sourcecode.swift; path = VideoListView.swift; sourceTree = "<group>"; };
		722E60A22A2C7F3E00139A93 /* MapView.swift */ = {isa = PBXFileReference; lastKnownFileType = sourcecode.swift; path = MapView.swift; sourceTree = "<group>"; };
		722E60A42A2C7F5500139A93 /* GalleryView.swift */ = {isa = PBXFileReference; lastKnownFileType = sourcecode.swift; path = GalleryView.swift; sourceTree = "<group>"; };
		722E60A62A2C7F5D00139A93 /* MainView.swift */ = {isa = PBXFileReference; lastKnownFileType = sourcecode.swift; path = MainView.swift; sourceTree = "<group>"; };
		722E60AA2A2C829700139A93 /* CoverImageView.swift */ = {isa = PBXFileReference; lastKnownFileType = sourcecode.swift; path = CoverImageView.swift; sourceTree = "<group>"; };
		722E60AD2A2C9A1000139A93 /* CoverImageModel.swift */ = {isa = PBXFileReference; lastKnownFileType = sourcecode.swift; path = CoverImageModel.swift; sourceTree = "<group>"; };
		722E60B02A2C9B8800139A93 /* CodebleBundelExtension.swift */ = {isa = PBXFileReference; lastKnownFileType = sourcecode.swift; path = CodebleBundelExtension.swift; sourceTree = "<group>"; };
		722E60B22A2CA1C300139A93 /* AnimalListItemView.swift */ = {isa = PBXFileReference; lastKnownFileType = sourcecode.swift; path = AnimalListItemView.swift; sourceTree = "<group>"; };
		722E60B62A2CA3D100139A93 /* AnimalModel.swift */ = {isa = PBXFileReference; lastKnownFileType = sourcecode.swift; path = AnimalModel.swift; sourceTree = "<group>"; };
		724BA7912A2F0F3A0038189C /* VideoPlayerView.swift */ = {isa = PBXFileReference; lastKnownFileType = sourcecode.swift; path = VideoPlayerView.swift; sourceTree = "<group>"; };
		724BA7942A2F10A30038189C /* VideoPlayerHelper.swift */ = {isa = PBXFileReference; lastKnownFileType = sourcecode.swift; path = VideoPlayerHelper.swift; sourceTree = "<group>"; };
		724BA7962A2F16AC0038189C /* LocationModel.swift */ = {isa = PBXFileReference; lastKnownFileType = sourcecode.swift; path = LocationModel.swift; sourceTree = "<group>"; };
		724BA7982A2F1C440038189C /* MapAnnotationView.swift */ = {isa = PBXFileReference; lastKnownFileType = sourcecode.swift; path = MapAnnotationView.swift; sourceTree = "<group>"; };
		724BA79A2A2F38470038189C /* MotionAnimationView.swift */ = {isa = PBXFileReference; lastKnownFileType = sourcecode.swift; path = MotionAnimationView.swift; sourceTree = "<group>"; };
		7252B3A42A30EB350087138F /* AnimalGridItemView.swift */ = {isa = PBXFileReference; lastKnownFileType = sourcecode.swift; path = AnimalGridItemView.swift; sourceTree = "<group>"; };
		7275D8782A2D23A70042279D /* AnimalDetailView.swift */ = {isa = PBXFileReference; lastKnownFileType = sourcecode.swift; path = AnimalDetailView.swift; sourceTree = "<group>"; };
		7275D87A2A2D25E80042279D /* HeadingView.swift */ = {isa = PBXFileReference; lastKnownFileType = sourcecode.swift; path = HeadingView.swift; sourceTree = "<group>"; };
		7275D87C2A2D27660042279D /* InsetGalleryView.swift */ = {isa = PBXFileReference; lastKnownFileType = sourcecode.swift; path = InsetGalleryView.swift; sourceTree = "<group>"; };
		7275D87E2A2D2C1E0042279D /* InsetFactView.swift */ = {isa = PBXFileReference; lastKnownFileType = sourcecode.swift; path = InsetFactView.swift; sourceTree = "<group>"; };
		7275D8802A2D2F3C0042279D /* InsetMapView.swift */ = {isa = PBXFileReference; lastKnownFileType = sourcecode.swift; path = InsetMapView.swift; sourceTree = "<group>"; };
		7275D8822A2D34A90042279D /* ExternalWeblinkView.swift */ = {isa = PBXFileReference; lastKnownFileType = sourcecode.swift; path = ExternalWeblinkView.swift; sourceTree = "<group>"; };
		729605842A2E4604004530AA /* VideoModel.swift */ = {isa = PBXFileReference; lastKnownFileType = sourcecode.swift; path = VideoModel.swift; sourceTree = "<group>"; };
		729605862A2E4686004530AA /* VideoListItemView.swift */ = {isa = PBXFileReference; lastKnownFileType = sourcecode.swift; path = VideoListItemView.swift; sourceTree = "<group>"; };
		72CD6DC22A31AD530060E73F /* Stickers.appex */ = {isa = PBXFileReference; explicitFileType = "wrapper.app-extension"; includeInIndex = 0; path = Stickers.appex; sourceTree = BUILT_PRODUCTS_DIR; };
		72CD6DC42A31AD540060E73F /* Stickers.xcassets */ = {isa = PBXFileReference; lastKnownFileType = folder.assetcatalog; path = Stickers.xcassets; sourceTree = "<group>"; };
		72CD6DC62A31AD540060E73F /* Info.plist */ = {isa = PBXFileReference; lastKnownFileType = text.plist.xml; path = Info.plist; sourceTree = "<group>"; };
		72CD6DCD2A31B2410060E73F /* Africa.entitlements */ = {isa = PBXFileReference; lastKnownFileType = text.plist.entitlements; path = Africa.entitlements; sourceTree = "<group>"; };
/* End PBXFileReference section */

/* Begin PBXFrameworksBuildPhase section */
		722E606C2A2C7B1000139A93 /* Frameworks */ = {
			isa = PBXFrameworksBuildPhase;
			buildActionMask = 2147483647;
			files = (
			);
			runOnlyForDeploymentPostprocessing = 0;
		};
/* End PBXFrameworksBuildPhase section */

/* Begin PBXGroup section */
		722E60662A2C7B1000139A93 = {
			isa = PBXGroup;
			children = (
				722E60712A2C7B1000139A93 /* Africa */,
				72CD6DC32A31AD530060E73F /* Stickers */,
				722E60702A2C7B1000139A93 /* Products */,
			);
			sourceTree = "<group>";
		};
		722E60702A2C7B1000139A93 /* Products */ = {
			isa = PBXGroup;
			children = (
				722E606F2A2C7B1000139A93 /* Africa.app */,
				72CD6DC22A31AD530060E73F /* Stickers.appex */,
			);
			name = Products;
			sourceTree = "<group>";
		};
		722E60712A2C7B1000139A93 /* Africa */ = {
			isa = PBXGroup;
			children = (
				72CD6DCD2A31B2410060E73F /* Africa.entitlements */,
				724BA7932A2F106F0038189C /* Helper */,
				722E60AF2A2C9B5E00139A93 /* Extension */,
				722E60AC2A2C99FD00139A93 /* Model */,
				722E60A92A2C826A00139A93 /* View */,
				722E609E2A2C7E1900139A93 /* Info.plist */,
				722E60952A2C7D1800139A93 /* Data */,
				722E60802A2C7CCE00139A93 /* Video */,
				722E609F2A2C7ED300139A93 /* App */,
				722E60762A2C7B1100139A93 /* Assets.xcassets */,
				722E60782A2C7B1100139A93 /* Preview Content */,
			);
			path = Africa;
			sourceTree = "<group>";
		};
		722E60782A2C7B1100139A93 /* Preview Content */ = {
			isa = PBXGroup;
			children = (
				722E60792A2C7B1100139A93 /* Preview Assets.xcassets */,
			);
			path = "Preview Content";
			sourceTree = "<group>";
		};
		722E60802A2C7CCE00139A93 /* Video */ = {
			isa = PBXGroup;
			children = (
				722E60842A2C7CF300139A93 /* cheetah.mp4 */,
				722E60892A2C7CF400139A93 /* elephant.mp4 */,
				722E60812A2C7CF300139A93 /* giraffe.mp4 */,
				722E608A2A2C7CF500139A93 /* gorilla.mp4 */,
				722E60872A2C7CF400139A93 /* hippo.mp4 */,
				722E60862A2C7CF400139A93 /* lion.mp4 */,
				722E60852A2C7CF400139A93 /* lioness.mp4 */,
				722E60882A2C7CF400139A93 /* ostrich.mp4 */,
				722E60822A2C7CF300139A93 /* rhino.mp4 */,
				722E60832A2C7CF300139A93 /* zebra.mp4 */,
			);
			path = Video;
			sourceTree = "<group>";
		};
		722E60952A2C7D1800139A93 /* Data */ = {
			isa = PBXGroup;
			children = (
				722E60982A2C7D3E00139A93 /* animals.json */,
				722E60962A2C7D3E00139A93 /* covers.json */,
				722E60972A2C7D3E00139A93 /* locations.json */,
				722E60992A2C7D3E00139A93 /* videos.json */,
			);
			path = Data;
			sourceTree = "<group>";
		};
		722E609F2A2C7ED300139A93 /* App */ = {
			isa = PBXGroup;
			children = (
				722E60722A2C7B1000139A93 /* AfricaApp.swift */,
				722E60A62A2C7F5D00139A93 /* MainView.swift */,
				722E60742A2C7B1000139A93 /* ContentView.swift */,
				722E60A02A2C7F2A00139A93 /* VideoListView.swift */,
				722E60A22A2C7F3E00139A93 /* MapView.swift */,
				722E60A42A2C7F5500139A93 /* GalleryView.swift */,
			);
			path = App;
			sourceTree = "<group>";
		};
		722E60A92A2C826A00139A93 /* View */ = {
			isa = PBXGroup;
			children = (
				722E60AA2A2C829700139A93 /* CoverImageView.swift */,
				722E60B22A2CA1C300139A93 /* AnimalListItemView.swift */,
				7275D8782A2D23A70042279D /* AnimalDetailView.swift */,
				7275D87A2A2D25E80042279D /* HeadingView.swift */,
				7275D87C2A2D27660042279D /* InsetGalleryView.swift */,
				7275D87E2A2D2C1E0042279D /* InsetFactView.swift */,
				7275D8802A2D2F3C0042279D /* InsetMapView.swift */,
				7275D8822A2D34A90042279D /* ExternalWeblinkView.swift */,
				729605862A2E4686004530AA /* VideoListItemView.swift */,
				724BA7912A2F0F3A0038189C /* VideoPlayerView.swift */,
				724BA7982A2F1C440038189C /* MapAnnotationView.swift */,
				724BA79A2A2F38470038189C /* MotionAnimationView.swift */,
				7252B3A42A30EB350087138F /* AnimalGridItemView.swift */,
			);
			path = View;
			sourceTree = "<group>";
		};
		722E60AC2A2C99FD00139A93 /* Model */ = {
			isa = PBXGroup;
			children = (
				722E60AD2A2C9A1000139A93 /* CoverImageModel.swift */,
				722E60B62A2CA3D100139A93 /* AnimalModel.swift */,
				729605842A2E4604004530AA /* VideoModel.swift */,
				724BA7962A2F16AC0038189C /* LocationModel.swift */,
			);
			path = Model;
			sourceTree = "<group>";
		};
		722E60AF2A2C9B5E00139A93 /* Extension */ = {
			isa = PBXGroup;
			children = (
				722E60B02A2C9B8800139A93 /* CodebleBundelExtension.swift */,
			);
			path = Extension;
			sourceTree = "<group>";
		};
		724BA7932A2F106F0038189C /* Helper */ = {
			isa = PBXGroup;
			children = (
				724BA7942A2F10A30038189C /* VideoPlayerHelper.swift */,
			);
			path = Helper;
			sourceTree = "<group>";
		};
		72CD6DC32A31AD530060E73F /* Stickers */ = {
			isa = PBXGroup;
			children = (
				72CD6DC42A31AD540060E73F /* Stickers.xcassets */,
				72CD6DC62A31AD540060E73F /* Info.plist */,
			);
			path = Stickers;
			sourceTree = "<group>";
		};
/* End PBXGroup section */

/* Begin PBXNativeTarget section */
		722E606E2A2C7B1000139A93 /* Africa */ = {
			isa = PBXNativeTarget;
			buildConfigurationList = 722E607D2A2C7B1100139A93 /* Build configuration list for PBXNativeTarget "Africa" */;
			buildPhases = (
				722E606B2A2C7B1000139A93 /* Sources */,
				722E606C2A2C7B1000139A93 /* Frameworks */,
				722E606D2A2C7B1000139A93 /* Resources */,
				7252B3B32A30F6430087138F /* Embed Foundation Extensions */,
			);
			buildRules = (
			);
			dependencies = (
				72CD6DC82A31AD540060E73F /* PBXTargetDependency */,
			);
			name = Africa;
			productName = Africa;
			productReference = 722E606F2A2C7B1000139A93 /* Africa.app */;
			productType = "com.apple.product-type.application";
		};
		72CD6DC12A31AD530060E73F /* Stickers */ = {
			isa = PBXNativeTarget;
			buildConfigurationList = 72CD6DCC2A31AD540060E73F /* Build configuration list for PBXNativeTarget "Stickers" */;
			buildPhases = (
				72CD6DC02A31AD530060E73F /* Resources */,
			);
			buildRules = (
			);
			dependencies = (
			);
			name = Stickers;
			productName = Stickers;
			productReference = 72CD6DC22A31AD530060E73F /* Stickers.appex */;
			productType = "com.apple.product-type.app-extension.messages-sticker-pack";
		};
/* End PBXNativeTarget section */

/* Begin PBXProject section */
		722E60672A2C7B1000139A93 /* Project object */ = {
			isa = PBXProject;
			attributes = {
				BuildIndependentTargetsInParallel = 1;
				LastSwiftUpdateCheck = 1430;
				LastUpgradeCheck = 1430;
				TargetAttributes = {
					722E606E2A2C7B1000139A93 = {
						CreatedOnToolsVersion = 14.3;
					};
					72CD6DC12A31AD530060E73F = {
						CreatedOnToolsVersion = 14.3;
					};
				};
			};
			buildConfigurationList = 722E606A2A2C7B1000139A93 /* Build configuration list for PBXProject "Africa" */;
			compatibilityVersion = "Xcode 14.0";
			developmentRegion = en;
			hasScannedForEncodings = 0;
			knownRegions = (
				en,
				Base,
			);
			mainGroup = 722E60662A2C7B1000139A93;
			productRefGroup = 722E60702A2C7B1000139A93 /* Products */;
			projectDirPath = "";
			projectRoot = "";
			targets = (
				722E606E2A2C7B1000139A93 /* Africa */,
				72CD6DC12A31AD530060E73F /* Stickers */,
			);
		};
/* End PBXProject section */

/* Begin PBXResourcesBuildPhase section */
		722E606D2A2C7B1000139A93 /* Resources */ = {
			isa = PBXResourcesBuildPhase;
			buildActionMask = 2147483647;
			files = (
				722E609C2A2C7D3E00139A93 /* animals.json in Resources */,
				722E609B2A2C7D3E00139A93 /* locations.json in Resources */,
				722E609A2A2C7D3E00139A93 /* covers.json in Resources */,
				722E608C2A2C7CF500139A93 /* rhino.mp4 in Resources */,
				722E60912A2C7CF500139A93 /* hippo.mp4 in Resources */,
				722E60902A2C7CF500139A93 /* lion.mp4 in Resources */,
				722E608D2A2C7CF500139A93 /* zebra.mp4 in Resources */,
				722E60942A2C7CF500139A93 /* gorilla.mp4 in Resources */,
				722E608E2A2C7CF500139A93 /* cheetah.mp4 in Resources */,
				722E607A2A2C7B1100139A93 /* Preview Assets.xcassets in Resources */,
				722E60772A2C7B1100139A93 /* Assets.xcassets in Resources */,
				722E608F2A2C7CF500139A93 /* lioness.mp4 in Resources */,
				722E60922A2C7CF500139A93 /* ostrich.mp4 in Resources */,
				722E609D2A2C7D3E00139A93 /* videos.json in Resources */,
				722E608B2A2C7CF500139A93 /* giraffe.mp4 in Resources */,
				722E60932A2C7CF500139A93 /* elephant.mp4 in Resources */,
			);
			runOnlyForDeploymentPostprocessing = 0;
		};
		72CD6DC02A31AD530060E73F /* Resources */ = {
			isa = PBXResourcesBuildPhase;
			buildActionMask = 2147483647;
			files = (
				72CD6DC52A31AD540060E73F /* Stickers.xcassets in Resources */,
			);
			runOnlyForDeploymentPostprocessing = 0;
		};
/* End PBXResourcesBuildPhase section */

/* Begin PBXSourcesBuildPhase section */
		722E606B2A2C7B1000139A93 /* Sources */ = {
			isa = PBXSourcesBuildPhase;
			buildActionMask = 2147483647;
			files = (
				7275D8832A2D34A90042279D /* ExternalWeblinkView.swift in Sources */,
				722E60A72A2C7F5D00139A93 /* MainView.swift in Sources */,
				722E60B32A2CA1C300139A93 /* AnimalListItemView.swift in Sources */,
				722E60752A2C7B1000139A93 /* ContentView.swift in Sources */,
				7275D87F2A2D2C1E0042279D /* InsetFactView.swift in Sources */,
				722E60AB2A2C829700139A93 /* CoverImageView.swift in Sources */,
				722E60AE2A2C9A1000139A93 /* CoverImageModel.swift in Sources */,
				7275D8792A2D23A70042279D /* AnimalDetailView.swift in Sources */,
				722E60B72A2CA3D100139A93 /* AnimalModel.swift in Sources */,
				722E60A32A2C7F3E00139A93 /* MapView.swift in Sources */,
				724BA7952A2F10A30038189C /* VideoPlayerHelper.swift in Sources */,
				7275D8812A2D2F3C0042279D /* InsetMapView.swift in Sources */,
				722E60B12A2C9B8800139A93 /* CodebleBundelExtension.swift in Sources */,
				724BA7992A2F1C440038189C /* MapAnnotationView.swift in Sources */,
				722E60732A2C7B1000139A93 /* AfricaApp.swift in Sources */,
				729605852A2E4604004530AA /* VideoModel.swift in Sources */,
				722E60A12A2C7F2B00139A93 /* VideoListView.swift in Sources */,
				724BA7972A2F16AC0038189C /* LocationModel.swift in Sources */,
				7252B3A52A30EB350087138F /* AnimalGridItemView.swift in Sources */,
				7275D87D2A2D27660042279D /* InsetGalleryView.swift in Sources */,
				729605872A2E4686004530AA /* VideoListItemView.swift in Sources */,
				722E60A52A2C7F5500139A93 /* GalleryView.swift in Sources */,
				724BA79B2A2F38470038189C /* MotionAnimationView.swift in Sources */,
				7275D87B2A2D25E80042279D /* HeadingView.swift in Sources */,
				724BA7922A2F0F3A0038189C /* VideoPlayerView.swift in Sources */,
			);
			runOnlyForDeploymentPostprocessing = 0;
		};
/* End PBXSourcesBuildPhase section */

/* Begin PBXTargetDependency section */
		72CD6DC82A31AD540060E73F /* PBXTargetDependency */ = {
			isa = PBXTargetDependency;
			target = 72CD6DC12A31AD530060E73F /* Stickers */;
			targetProxy = 72CD6DC72A31AD540060E73F /* PBXContainerItemProxy */;
		};
/* End PBXTargetDependency section */

/* Begin XCBuildConfiguration section */
		722E607B2A2C7B1100139A93 /* Debug */ = {
			isa = XCBuildConfiguration;
			buildSettings = {
				ALWAYS_SEARCH_USER_PATHS = NO;
				CLANG_ANALYZER_NONNULL = YES;
				CLANG_ANALYZER_NUMBER_OBJECT_CONVERSION = YES_AGGRESSIVE;
				CLANG_CXX_LANGUAGE_STANDARD = "gnu++20";
				CLANG_ENABLE_MODULES = YES;
				CLANG_ENABLE_OBJC_ARC = YES;
				CLANG_ENABLE_OBJC_WEAK = YES;
				CLANG_WARN_BLOCK_CAPTURE_AUTORELEASING = YES;
				CLANG_WARN_BOOL_CONVERSION = YES;
				CLANG_WARN_COMMA = YES;
				CLANG_WARN_CONSTANT_CONVERSION = YES;
				CLANG_WARN_DEPRECATED_OBJC_IMPLEMENTATIONS = YES;
				CLANG_WARN_DIRECT_OBJC_ISA_USAGE = YES_ERROR;
				CLANG_WARN_DOCUMENTATION_COMMENTS = YES;
				CLANG_WARN_EMPTY_BODY = YES;
				CLANG_WARN_ENUM_CONVERSION = YES;
				CLANG_WARN_INFINITE_RECURSION = YES;
				CLANG_WARN_INT_CONVERSION = YES;
				CLANG_WARN_NON_LITERAL_NULL_CONVERSION = YES;
				CLANG_WARN_OBJC_IMPLICIT_RETAIN_SELF = YES;
				CLANG_WARN_OBJC_LITERAL_CONVERSION = YES;
				CLANG_WARN_OBJC_ROOT_CLASS = YES_ERROR;
				CLANG_WARN_QUOTED_INCLUDE_IN_FRAMEWORK_HEADER = YES;
				CLANG_WARN_RANGE_LOOP_ANALYSIS = YES;
				CLANG_WARN_STRICT_PROTOTYPES = YES;
				CLANG_WARN_SUSPICIOUS_MOVE = YES;
				CLANG_WARN_UNGUARDED_AVAILABILITY = YES_AGGRESSIVE;
				CLANG_WARN_UNREACHABLE_CODE = YES;
				CLANG_WARN__DUPLICATE_METHOD_MATCH = YES;
				COPY_PHASE_STRIP = NO;
				DEBUG_INFORMATION_FORMAT = dwarf;
				ENABLE_STRICT_OBJC_MSGSEND = YES;
				ENABLE_TESTABILITY = YES;
				GCC_C_LANGUAGE_STANDARD = gnu11;
				GCC_DYNAMIC_NO_PIC = NO;
				GCC_NO_COMMON_BLOCKS = YES;
				GCC_OPTIMIZATION_LEVEL = 0;
				GCC_PREPROCESSOR_DEFINITIONS = (
					"DEBUG=1",
					"$(inherited)",
				);
				GCC_WARN_64_TO_32_BIT_CONVERSION = YES;
				GCC_WARN_ABOUT_RETURN_TYPE = YES_ERROR;
				GCC_WARN_UNDECLARED_SELECTOR = YES;
				GCC_WARN_UNINITIALIZED_AUTOS = YES_AGGRESSIVE;
				GCC_WARN_UNUSED_FUNCTION = YES;
				GCC_WARN_UNUSED_VARIABLE = YES;
				IPHONEOS_DEPLOYMENT_TARGET = 16.4;
				MTL_ENABLE_DEBUG_INFO = INCLUDE_SOURCE;
				MTL_FAST_MATH = YES;
				ONLY_ACTIVE_ARCH = YES;
				SDKROOT = iphoneos;
				SWIFT_ACTIVE_COMPILATION_CONDITIONS = DEBUG;
				SWIFT_OPTIMIZATION_LEVEL = "-Onone";
			};
			name = Debug;
		};
		722E607C2A2C7B1100139A93 /* Release */ = {
			isa = XCBuildConfiguration;
			buildSettings = {
				ALWAYS_SEARCH_USER_PATHS = NO;
				CLANG_ANALYZER_NONNULL = YES;
				CLANG_ANALYZER_NUMBER_OBJECT_CONVERSION = YES_AGGRESSIVE;
				CLANG_CXX_LANGUAGE_STANDARD = "gnu++20";
				CLANG_ENABLE_MODULES = YES;
				CLANG_ENABLE_OBJC_ARC = YES;
				CLANG_ENABLE_OBJC_WEAK = YES;
				CLANG_WARN_BLOCK_CAPTURE_AUTORELEASING = YES;
				CLANG_WARN_BOOL_CONVERSION = YES;
				CLANG_WARN_COMMA = YES;
				CLANG_WARN_CONSTANT_CONVERSION = YES;
				CLANG_WARN_DEPRECATED_OBJC_IMPLEMENTATIONS = YES;
				CLANG_WARN_DIRECT_OBJC_ISA_USAGE = YES_ERROR;
				CLANG_WARN_DOCUMENTATION_COMMENTS = YES;
				CLANG_WARN_EMPTY_BODY = YES;
				CLANG_WARN_ENUM_CONVERSION = YES;
				CLANG_WARN_INFINITE_RECURSION = YES;
				CLANG_WARN_INT_CONVERSION = YES;
				CLANG_WARN_NON_LITERAL_NULL_CONVERSION = YES;
				CLANG_WARN_OBJC_IMPLICIT_RETAIN_SELF = YES;
				CLANG_WARN_OBJC_LITERAL_CONVERSION = YES;
				CLANG_WARN_OBJC_ROOT_CLASS = YES_ERROR;
				CLANG_WARN_QUOTED_INCLUDE_IN_FRAMEWORK_HEADER = YES;
				CLANG_WARN_RANGE_LOOP_ANALYSIS = YES;
				CLANG_WARN_STRICT_PROTOTYPES = YES;
				CLANG_WARN_SUSPICIOUS_MOVE = YES;
				CLANG_WARN_UNGUARDED_AVAILABILITY = YES_AGGRESSIVE;
				CLANG_WARN_UNREACHABLE_CODE = YES;
				CLANG_WARN__DUPLICATE_METHOD_MATCH = YES;
				COPY_PHASE_STRIP = NO;
				DEBUG_INFORMATION_FORMAT = "dwarf-with-dsym";
				ENABLE_NS_ASSERTIONS = NO;
				ENABLE_STRICT_OBJC_MSGSEND = YES;
				GCC_C_LANGUAGE_STANDARD = gnu11;
				GCC_NO_COMMON_BLOCKS = YES;
				GCC_WARN_64_TO_32_BIT_CONVERSION = YES;
				GCC_WARN_ABOUT_RETURN_TYPE = YES_ERROR;
				GCC_WARN_UNDECLARED_SELECTOR = YES;
				GCC_WARN_UNINITIALIZED_AUTOS = YES_AGGRESSIVE;
				GCC_WARN_UNUSED_FUNCTION = YES;
				GCC_WARN_UNUSED_VARIABLE = YES;
				IPHONEOS_DEPLOYMENT_TARGET = 16.4;
				MTL_ENABLE_DEBUG_INFO = NO;
				MTL_FAST_MATH = YES;
				SDKROOT = iphoneos;
				SWIFT_COMPILATION_MODE = wholemodule;
				SWIFT_OPTIMIZATION_LEVEL = "-O";
				VALIDATE_PRODUCT = YES;
			};
			name = Release;
		};
		722E607E2A2C7B1100139A93 /* Debug */ = {
			isa = XCBuildConfiguration;
			buildSettings = {
				ASSETCATALOG_COMPILER_APPICON_NAME = AppIcon;
				ASSETCATALOG_COMPILER_GLOBAL_ACCENT_COLOR_NAME = AccentColor;
				CODE_SIGN_ENTITLEMENTS = Africa/Africa.entitlements;
				CODE_SIGN_STYLE = Automatic;
				CURRENT_PROJECT_VERSION = 1;
				DEVELOPMENT_ASSET_PATHS = "\"Africa/Preview Content\"";
				DEVELOPMENT_TEAM = 678S53ST7A;
				ENABLE_PREVIEWS = YES;
				GENERATE_INFOPLIST_FILE = YES;
				INFOPLIST_FILE = Africa/Info.plist;
				INFOPLIST_KEY_UIApplicationSceneManifest_Generation = YES;
				INFOPLIST_KEY_UIApplicationSupportsIndirectInputEvents = YES;
				INFOPLIST_KEY_UISupportedInterfaceOrientations_iPad = "UIInterfaceOrientationPortrait UIInterfaceOrientationPortraitUpsideDown UIInterfaceOrientationLandscapeLeft UIInterfaceOrientationLandscapeRight";
				INFOPLIST_KEY_UISupportedInterfaceOrientations_iPhone = "UIInterfaceOrientationPortrait UIInterfaceOrientationLandscapeLeft UIInterfaceOrientationLandscapeRight";
				INFOPLIST_KEY_UIUserInterfaceStyle = Dark;
				LD_RUNPATH_SEARCH_PATHS = (
					"$(inherited)",
					"@executable_path/Frameworks",
				);
				MARKETING_VERSION = 1.0;
				PRODUCT_BUNDLE_IDENTIFIER = tranloi.Africa;
				PRODUCT_NAME = "$(TARGET_NAME)";
				SUPPORTED_PLATFORMS = "iphoneos iphonesimulator macosx";
				SUPPORTS_MACCATALYST = YES;
				SUPPORTS_MAC_DESIGNED_FOR_IPHONE_IPAD = YES;
				SWIFT_EMIT_LOC_STRINGS = YES;
				SWIFT_VERSION = 5.0;
				TARGETED_DEVICE_FAMILY = "1,2";
			};
			name = Debug;
		};
		722E607F2A2C7B1100139A93 /* Release */ = {
			isa = XCBuildConfiguration;
			buildSettings = {
				ASSETCATALOG_COMPILER_APPICON_NAME = AppIcon;
				ASSETCATALOG_COMPILER_GLOBAL_ACCENT_COLOR_NAME = AccentColor;
				CODE_SIGN_ENTITLEMENTS = Africa/Africa.entitlements;
				CODE_SIGN_STYLE = Automatic;
				CURRENT_PROJECT_VERSION = 1;
				DEVELOPMENT_ASSET_PATHS = "\"Africa/Preview Content\"";
				DEVELOPMENT_TEAM = 678S53ST7A;
				ENABLE_PREVIEWS = YES;
				GENERATE_INFOPLIST_FILE = YES;
				INFOPLIST_FILE = Africa/Info.plist;
				INFOPLIST_KEY_UIApplicationSceneManifest_Generation = YES;
				INFOPLIST_KEY_UIApplicationSupportsIndirectInputEvents = YES;
				INFOPLIST_KEY_UISupportedInterfaceOrientations_iPad = "UIInterfaceOrientationPortrait UIInterfaceOrientationPortraitUpsideDown UIInterfaceOrientationLandscapeLeft UIInterfaceOrientationLandscapeRight";
				INFOPLIST_KEY_UISupportedInterfaceOrientations_iPhone = "UIInterfaceOrientationPortrait UIInterfaceOrientationLandscapeLeft UIInterfaceOrientationLandscapeRight";
				INFOPLIST_KEY_UIUserInterfaceStyle = Dark;
				LD_RUNPATH_SEARCH_PATHS = (
					"$(inherited)",
					"@executable_path/Frameworks",
				);
				MARKETING_VERSION = 1.0;
				PRODUCT_BUNDLE_IDENTIFIER = tranloi.Africa;
				PRODUCT_NAME = "$(TARGET_NAME)";
				SUPPORTED_PLATFORMS = "iphoneos iphonesimulator macosx";
				SUPPORTS_MACCATALYST = YES;
				SUPPORTS_MAC_DESIGNED_FOR_IPHONE_IPAD = YES;
				SWIFT_EMIT_LOC_STRINGS = YES;
				SWIFT_VERSION = 5.0;
				TARGETED_DEVICE_FAMILY = "1,2";
			};
			name = Release;
		};
		72CD6DCA2A31AD540060E73F /* Debug */ = {
			isa = XCBuildConfiguration;
			buildSettings = {
				ASSETCATALOG_COMPILER_APPICON_NAME = "iMessage App Icon";
				CODE_SIGN_STYLE = Automatic;
				CURRENT_PROJECT_VERSION = 1;
				DEVELOPMENT_TEAM = 678S53ST7A;
				GENERATE_INFOPLIST_FILE = YES;
				INFOPLIST_FILE = Stickers/Info.plist;
				MARKETING_VERSION = 1.0;
				PRODUCT_BUNDLE_IDENTIFIER = tranloi.Africa.Stickers;
				PRODUCT_NAME = "$(TARGET_NAME)";
				SKIP_INSTALL = YES;
				SUPPORTS_MACCATALYST = NO;
				SWIFT_EMIT_LOC_STRINGS = YES;
				TARGETED_DEVICE_FAMILY = "1,2";
			};
			name = Debug;
		};
		72CD6DCB2A31AD540060E73F /* Release */ = {
			isa = XCBuildConfiguration;
			buildSettings = {
				ASSETCATALOG_COMPILER_APPICON_NAME = "iMessage App Icon";
				CODE_SIGN_STYLE = Automatic;
				CURRENT_PROJECT_VERSION = 1;
				DEVELOPMENT_TEAM = 678S53ST7A;
				GENERATE_INFOPLIST_FILE = YES;
				INFOPLIST_FILE = Stickers/Info.plist;
				MARKETING_VERSION = 1.0;
				PRODUCT_BUNDLE_IDENTIFIER = tranloi.Africa.Stickers;
				PRODUCT_NAME = "$(TARGET_NAME)";
				SKIP_INSTALL = YES;
				SUPPORTS_MACCATALYST = NO;
				SWIFT_EMIT_LOC_STRINGS = YES;
				TARGETED_DEVICE_FAMILY = "1,2";
			};
			name = Release;
		};
/* End XCBuildConfiguration section */

/* Begin XCConfigurationList section */
		722E606A2A2C7B1000139A93 /* Build configuration list for PBXProject "Africa" */ = {
			isa = XCConfigurationList;
			buildConfigurations = (
				722E607B2A2C7B1100139A93 /* Debug */,
				722E607C2A2C7B1100139A93 /* Release */,
			);
			defaultConfigurationIsVisible = 0;
			defaultConfigurationName = Release;
		};
		722E607D2A2C7B1100139A93 /* Build configuration list for PBXNativeTarget "Africa" */ = {
			isa = XCConfigurationList;
			buildConfigurations = (
				722E607E2A2C7B1100139A93 /* Debug */,
				722E607F2A2C7B1100139A93 /* Release */,
			);
			defaultConfigurationIsVisible = 0;
			defaultConfigurationName = Release;
		};
		72CD6DCC2A31AD540060E73F /* Build configuration list for PBXNativeTarget "Stickers" */ = {
			isa = XCConfigurationList;
			buildConfigurations = (
				72CD6DCA2A31AD540060E73F /* Debug */,
				72CD6DCB2A31AD540060E73F /* Release */,
			);
			defaultConfigurationIsVisible = 0;
			defaultConfigurationName = Release;
		};
/* End XCConfigurationList section */
	};
	rootObject = 722E60672A2C7B1000139A93 /* Project object */;
}
